{
  "nodes": {
    "flake-compat": {
      "locked": {
        "lastModified": 1733328505,
        "narHash": "sha256-NeCCThCEP3eCl2l/+27kNNK7QrwZB1IJCrXfrbv5oqU=",
        "rev": "ff81ac966bb2cae68946d5ed5fc4994f96d0ffec",
        "revCount": 69,
        "type": "tarball",
        "url": "https://api.flakehub.com/f/pinned/edolstra/flake-compat/1.1.0/01948eb7-9cba-704f-bbf3-3fa956735b52/source.tar.gz?rev=ff81ac966bb2cae68946d5ed5fc4994f96d0ffec&revCount=69"
      },
      "original": {
        "type": "tarball",
        "url": "https://flakehub.com/f/edolstra/flake-compat/1.tar.gz"
      }
    },
    "flake-utils": {
      "inputs": {
        "systems": "systems"
      },
      "locked": {
        "lastModified": 1731533236,
        "narHash": "sha256-l0KFg5HjrsfsO/JpG+r7fRrqm12kzFHyUHqHCVpMMbI=",
        "owner": "numtide",
        "repo": "flake-utils",
        "rev": "11707dc2f618dd54ca8739b309ec4fc024de578b",
        "type": "github"
      },
      "original": {
        "owner": "numtide",
        "repo": "flake-utils",
        "type": "github"
      }
    },
    "helium-flake": {
      "inputs": {
        "nixpkgs": [
          "nixpkgs"
        ]
      },
      "locked": {
        "lastModified": 1788352463,
        "narHash": "sha256-zg16XfEJUoyhdCTRJqwp3qaicSD36RvgbYMo3+7FQKI=",
        "owner": "oxcl",
        "repo": "nix-flake-helium-browser",
        "rev": "a54b81f092155f9ff0aaa24b1d6fc5aab8bbccef",
        "type": "github"
      },
      "original": {
        "owner": "oxcl",
        "repo": "nix-flake-helium-browser",
        "type": "github"
      }
    },
    "home-manager": {
      "inputs": {
        "nixpkgs": [
          "zen-browser",
          "nixpkgs"
        ]
      },
      "locked": {
        "lastModified": 1788229478,
        "narHash": "sha256-G0F2rFORVcFkEvVdE/qWQTnYekIc77YP5/vRF9nZlxU=",
        "owner": "nix-community",
        "repo": "home-manager",
        "rev": "1dc2d1f720ab17fc7981e087346bf54b26d284b1",
        "type": "github"
      },
      "original": {
        "owner": "nix-community",
        "repo": "home-manager",
        "type": "github"
      }
    },
    "nix-filter": {
      "locked": {
        "lastModified": 1757882181,
        "narHash": "sha256-+cCxYIh2UNalTz364p+QYmWHs0P+6wDhiWR4jDIKQIU=",
        "owner": "numtide",
        "repo": "nix-filter",
        "rev": "59c44d1909c72441144b93cf0f054be7fe764de5",
        "type": "github"
      },
      "original": {
        "owner": "numtide",
        "repo": "nix-filter",
        "type": "github"
      }
    },
    "nixpkgs": {
      "locked": {
        "lastModified": 1788316716,
        "narHash": "sha256-bc7rSpXIdn9QWGNqfWcPZWOhEVF8NoeAZkWq0XWnf/k=",
        "owner": "nixos",
        "repo": "nixpkgs",
        "rev": "3ed67ec0a4d3c7ab4ae1f04f8ee8df07bfa506a2",
        "type": "github"
      },
      "original": {
        "owner": "nixos",
        "ref": "nixos-unstable",
        "repo": "nixpkgs",
        "type": "github"
      }
    },
    "nixpkgs_2": {
      "locked": {
        "lastModified": 1787900134,
        "narHash": "sha256-5GWj0FI2uOwKNpXkmpWrSFDe1rCaNBCUQ8d+HDtFQPI=",
        "rev": "83199d0d373dd3ac2b9a1996b1d0263f76ab7a4c",
        "type": "tarball",
        "url": "https://releases.nixos.org/nixos/unstable/nixos-26.11pre1063296.83199d0d373d/nixexprs.tar.zst"
      },
      "original": {
        "type": "tarball",
        "url": "https://channels.nixos.org/nixos-unstable/nixexprs.tar.zst"
      }
    },
    "nixpkgs_3": {
      "locked": {
        "lastModified": 1785967620,
        "narHash": "sha256-IItrdb7Puk05RqOBWZYFC5X6Wl1sJmCfh5MWVHw5iMM=",
        "owner": "NixOS",
        "repo": "nixpkgs",
        "rev": "b7c2ada94fe99c15b0dbcf4d11fd7850b957a436",
        "type": "github"
      },
      "original": {
        "owner": "NixOS",
        "ref": "nixos-unstable",
        "repo": "nixpkgs",
        "type": "github"
      }
    },
    "nixpkgs_4": {
      "locked": {
        "lastModified": 1788179007,
        "narHash": "sha256-hn1oU2rue2SYK8dAr8+WNZWtbsz1S2W5mnHlSEuh3bo=",
        "owner": "nixos",
        "repo": "nixpkgs",
        "rev": "34ab99075ac4f7e40cf037eef32cb1c360bb85e9",
        "type": "github"
      },
      "original": {
        "owner": "nixos",
        "ref": "nixos-unstable",
        "repo": "nixpkgs",
        "type": "github"
      }
    },
    "noctalia": {
      "inputs": {
        "nixpkgs": "nixpkgs_2"
      },
      "locked": {
        "lastModified": 1788491255,
        "narHash": "sha256-oWICBZbZH+bCKAdQUBiPSuqBOwIGFSiOaZHYTYKHLPg=",
        "owner": "noctalia-dev",
        "repo": "noctalia",
        "rev": "f6f25a94daa07c78b1dd45a8c4d9c068129af61b",
        "type": "github"
      },
      "original": {
        "owner": "noctalia-dev",
        "ref": "cachix",
        "repo": "noctalia",
        "type": "github"
      }
    },
    "noctalia-greeter": {
      "inputs": {
        "nixpkgs": [
          "nixpkgs"
        ]
      },
      "locked": {
        "lastModified": 1788444534,
        "narHash": "sha256-+XX/PgbfcwixUlF/+ETcKzLzUxDQgiRRvBpUBDUDF5M=",
        "owner": "noctalia-dev",
        "repo": "noctalia-greeter",
        "rev": "4cba567531878ae3cc64bc95d8dc498fd454e13d",
        "type": "github"
      },
      "original": {
        "owner": "noctalia-dev",
        "repo": "noctalia-greeter",
        "type": "github"
      }
    },
    "root": {
      "inputs": {
        "helium-flake": "helium-flake",
        "nixpkgs": "nixpkgs",
        "noctalia": "noctalia",
        "noctalia-greeter": "noctalia-greeter",
        "surge": "surge",
        "umbriel": "umbriel",
        "winapps": "winapps",
        "xdg-desktop-portal-umbriel": "xdg-desktop-portal-umbriel_2",
        "zen-browser": "zen-browser"
      }
    },
    "surge": {
      "inputs": {
        "nixpkgs": "nixpkgs_3"
      },
      "locked": {
        "lastModified": 1787587589,
        "narHash": "sha256-hEpjJmeWS5842DkpvXLBSjjAYi2+6hhdI2XAANTQzRM=",
        "owner": "SurgeDM",
        "repo": "Surge",
        "rev": "08d09d11199acf6082a89c4da0d19a04749de997",
        "type": "github"
      },
      "original": {
        "owner": "SurgeDM",
        "repo": "Surge",
        "rev": "08d09d11199acf6082a89c4da0d19a04749de997",
        "type": "github"
      }
    },
    "systems": {
      "locked": {
        "lastModified": 1681028828,
        "narHash": "sha256-Vy1rq5AaRuLzOxct8nz4T6wlgyUR7zLU309k9mBC768=",
        "owner": "nix-systems",
        "repo": "default",
        "rev": "da67096a3b9bf56a91d16901293e51ba5b49a27e",
        "type": "github"
      },
      "original": {
        "owner": "nix-systems",
        "repo": "default",
        "type": "github"
      }
    },
    "umbriel": {
      "inputs": {
        "nixpkgs": [
          "nixpkgs"
        ],
        "xdg-desktop-portal-umbriel": "xdg-desktop-portal-umbriel"
      },
      "locked": {
        "lastModified": 1788491558,
        "narHash": "sha256-lMSTyMENIZQFz/bNltheKSDx8GEf0c7eb9z/a/eQenU=",
        "ref": "refs/heads/main",
        "rev": "fd3bc638626574696ab522e44616d17f08cf4aca",
        "revCount": 782,
        "submodules": true,
        "type": "git",
        "url": "https://github.com/noctalia-dev/umbriel.git"
      },
      "original": {
        "submodules": true,
        "type": "git",
        "url": "https://github.com/noctalia-dev/umbriel.git"
      }
    },
    "winapps": {
      "inputs": {
        "flake-compat": "flake-compat",
        "flake-utils": "flake-utils",
        "nix-filter": "nix-filter",
        "nixpkgs": [
          "nixpkgs"
        ]
      },
      "locked": {
        "lastModified": 1787564401,
        "narHash": "sha256-AsH+jSqoIPf/HNOduKMVkgxuY00TIG7OfsTWN1JMjcs=",
        "owner": "winapps-org",
        "repo": "winapps",
        "rev": "1b38cab1b8c1a513e4a313931759ac4942473678",
        "type": "github"
      },
      "original": {
        "owner": "winapps-org",
        "repo": "winapps",
        "type": "github"
      }
    },
    "xdg-desktop-portal-umbriel": {
      "inputs": {
        "nixpkgs": [
          "umbriel",
          "nixpkgs"
        ]
      },
      "locked": {
        "lastModified": 1787930530,
        "narHash": "sha256-tDvkYDYCbQhi2BG5wtpNjUHa7iUrTmctC87ukbNJ0y4=",
        "owner": "noctalia-dev",
        "repo": "xdg-desktop-portal-umbriel",
        "rev": "4edf049e4f9982bd7c3d6c92e25379308fdaa8df",
        "type": "github"
      },
      "original": {
        "owner": "noctalia-dev",
        "repo": "xdg-desktop-portal-umbriel",
        "type": "github"
      }
    },
    "xdg-desktop-portal-umbriel_2": {
      "inputs": {
        "nixpkgs": [
          "nixpkgs"
        ]
      },
      "locked": {
        "lastModified": 1788191975,
        "narHash": "sha256-1mKBFkIO9RA3ERsLo1QZhyvS6bFSjG1lBpegQnPbIUY=",
        "ref": "refs/heads/main",
        "rev": "d996f0c2bd4e8c868c0a143f0c9ce060f3c47ed5",
        "revCount": 23,
        "submodules": true,
        "type": "git",
        "url": "https://github.com/noctalia-dev/xdg-desktop-portal-umbriel.git"
      },
      "original": {
        "submodules": true,
        "type": "git",
        "url": "https://github.com/noctalia-dev/xdg-desktop-portal-umbriel.git"
      }
    },
    "zen-browser": {
      "inputs": {
        "home-manager": "home-manager",
        "nixpkgs": "nixpkgs_4"
      },
      "locked": {
        "lastModified": 1788405419,
        "narHash": "sha256-wuGizAVEmY0u15MYrhgy7AoQdHg+4Y2QiC+v/mxA8dc=",
        "owner": "0xc000022070",
        "repo": "zen-browser-flake",
        "rev": "fdb83f8fce835213fab7eab52c375926fe1a32dc",
        "type": "github"
      },
      "original": {
        "owner": "0xc000022070",
        "repo": "zen-browser-flake",
        "type": "github"
      }
    }
  },
  "root": "root",
  "version": 7
}
